
Microsoft Visual Studio Solution File, Format Version 12.00
# Visual Studio Version 17
VisualStudioVersion = 17.0.32112.339
MinimumVisualStudioVersion = 10.0.40219.1
Project("{FAE04EC0-301F-11D3-BF4B-00C04F79EFBC}") = "ConsoleApp2", "ConsoleApp2\ConsoleApp2.csproj", "{9586E0F4-1794-4D9C-9DA3-0B936C574960}"
EndProject
Global
	GlobalSection(SolutionConfigurationPlatforms) = preSolution
		Debug|Any CPU = Debug|Any CPU
		Release|Any CPU = Release|Any CPU
	EndGlobalSection
	GlobalSection(ProjectConfigurationPlatforms) = postSolution
		{9586E0F4-1794-4D9C-9DA3-0B936C574960}.Debug|Any CPU.ActiveCfg = Debug|Any CPU
		{9586E0F4-1794-4D9C-9DA3-0B936C574960}.Debug|Any CPU.Build.0 = Debug|Any CPU
		{9586E0F4-1794-4D9C-9DA3-0B936C574960}.Release|Any CPU.ActiveCfg = Release|Any CPU
		{9586E0F4-1794-4D9C-9DA3-0B936C574960}.Release|Any CPU.Build.0 = Release|Any CPU
	EndGlobalSection
	GlobalSection(SolutionProperties) = preSolution
		HideSolutionNode = FALSE
	EndGlobalSection
	GlobalSection(ExtensibilityGlobals) = postSolution
		SolutionGuid = {DC900679-7F5A-451F-AA5F-47FB8AA4FD03}
	EndGlobalSection
EndGlobal
